
Microsoft Visual Studio Solution File, Format Version 12.00
# Visual Studio Version 17
VisualStudioVersion = 17.0.32112.339
MinimumVisualStudioVersion = 10.0.40219.1
Project("{9A19103F-16F7-4668-BE54-9A1E7A4F7556}") = "ASPWebAPIDemo", "ASPWebAPIDemo\ASPWebAPIDemo.csproj", "{BBCD54B9-55DD-455F-9BC0-01AB8BCDE448}"
EndProject
Project("{151D2E53-A2C4-4D7D-83FE-D05416EBD58E}") = "MyDeploy", "MyDeploy\MyDeploy.deployproj", "{2EF41D8A-FB71-4244-B2FF-D130D7A2E0F9}"
EndProject
Project("{151D2E53-A2C4-4D7D-83FE-D05416EBD58E}") = "MyCorpDeploy", "MyCorpDeploy\MyCorpDeploy.deployproj", "{61321818-DA0D-48C3-8DA5-14FD67EC6B86}"
EndProject
Global
	GlobalSection(SolutionConfigurationPlatforms) = preSolution
		Debug|Any CPU = Debug|Any CPU
		Release|Any CPU = Release|Any CPU
	EndGlobalSection
	GlobalSection(ProjectConfigurationPlatforms) = postSolution
		{BBCD54B9-55DD-455F-9BC0-01AB8BCDE448}.Debug|Any CPU.ActiveCfg = Debug|Any CPU
		{BBCD54B9-55DD-455F-9BC0-01AB8BCDE448}.Debug|Any CPU.Build.0 = Debug|Any CPU
		{BBCD54B9-55DD-455F-9BC0-01AB8BCDE448}.Release|Any CPU.ActiveCfg = Release|Any CPU
		{BBCD54B9-55DD-455F-9BC0-01AB8BCDE448}.Release|Any CPU.Build.0 = Release|Any CPU
		{2EF41D8A-FB71-4244-B2FF-D130D7A2E0F9}.Debug|Any CPU.ActiveCfg = Debug|Any CPU
		{2EF41D8A-FB71-4244-B2FF-D130D7A2E0F9}.Debug|Any CPU.Build.0 = Debug|Any CPU
		{2EF41D8A-FB71-4244-B2FF-D130D7A2E0F9}.Release|Any CPU.ActiveCfg = Release|Any CPU
		{2EF41D8A-FB71-4244-B2FF-D130D7A2E0F9}.Release|Any CPU.Build.0 = Release|Any CPU
		{61321818-DA0D-48C3-8DA5-14FD67EC6B86}.Debug|Any CPU.ActiveCfg = Debug|Any CPU
		{61321818-DA0D-48C3-8DA5-14FD67EC6B86}.Debug|Any CPU.Build.0 = Debug|Any CPU
		{61321818-DA0D-48C3-8DA5-14FD67EC6B86}.Release|Any CPU.ActiveCfg = Release|Any CPU
		{61321818-DA0D-48C3-8DA5-14FD67EC6B86}.Release|Any CPU.Build.0 = Release|Any CPU
	EndGlobalSection
	GlobalSection(SolutionProperties) = preSolution
		HideSolutionNode = FALSE
	EndGlobalSection
	GlobalSection(ExtensibilityGlobals) = postSolution
		SolutionGuid = {051C379A-E5DC-4879-BD5F-F4F5E4181DA9}
	EndGlobalSection
EndGlobal
